
Microsoft Visual Studio Solution File, Format Version 12.00
# Visual Studio Version 17
VisualStudioVersion = 17.11.35222.181
MinimumVisualStudioVersion = 10.0.40219.1
Project("{F2A71F9B-5D33-465A-A702-920D77279786}") = "functional", "functional\functional.fsproj", "{F8101523-04DB-4BF1-936D-1AB91C7E53A5}"
EndProject
Global
	GlobalSection(SolutionConfigurationPlatforms) = preSolution
		Debug|Any CPU = Debug|Any CPU
		Release|Any CPU = Release|Any CPU
	EndGlobalSection
	GlobalSection(ProjectConfigurationPlatforms) = postSolution
		{F8101523-04DB-4BF1-936D-1AB91C7E53A5}.Debug|Any CPU.ActiveCfg = Debug|Any CPU
		{F8101523-04DB-4BF1-936D-1AB91C7E53A5}.Debug|Any CPU.Build.0 = Debug|Any CPU
		{F8101523-04DB-4BF1-936D-1AB91C7E53A5}.Release|Any CPU.ActiveCfg = Release|Any CPU
		{F8101523-04DB-4BF1-936D-1AB91C7E53A5}.Release|Any CPU.Build.0 = Release|Any CPU
	EndGlobalSection
	GlobalSection(SolutionProperties) = preSolution
		HideSolutionNode = FALSE
	EndGlobalSection
	GlobalSection(ExtensibilityGlobals) = postSolution
		SolutionGuid = {7F1BFDAD-4E13-4684-A177-581F08031D79}
	EndGlobalSection
EndGlobal
